
Microsoft Visual Studio Solution File, Format Version 12.00
# Visual Studio 15
VisualStudioVersion = 15.0.27703.2018
MinimumVisualStudioVersion = 10.0.40219.1
Project("{FAE04EC0-301F-11D3-BF4B-00C04F79EFBC}") = "WrayTrace", "WrayTrace\WrayTrace.csproj", "{9065B5AD-77F7-45C7-AD9A-BD79628AD5C5}"
EndProject
Global
	GlobalSection(SolutionConfigurationPlatforms) = preSolution
		Debug|Any CPU = Debug|Any CPU
		Release|Any CPU = Release|Any CPU
	EndGlobalSection
	GlobalSection(ProjectConfigurationPlatforms) = postSolution
		{9065B5AD-77F7-45C7-AD9A-BD79628AD5C5}.Debug|Any CPU.ActiveCfg = Debug|Any CPU
		{9065B5AD-77F7-45C7-AD9A-BD79628AD5C5}.Debug|Any CPU.Build.0 = Debug|Any CPU
		{9065B5AD-77F7-45C7-AD9A-BD79628AD5C5}.Release|Any CPU.ActiveCfg = Release|Any CPU
		{9065B5AD-77F7-45C7-AD9A-BD79628AD5C5}.Release|Any CPU.Build.0 = Release|Any CPU
	EndGlobalSection
	GlobalSection(SolutionProperties) = preSolution
		HideSolutionNode = FALSE
	EndGlobalSection
	GlobalSection(ExtensibilityGlobals) = postSolution
		SolutionGuid = {164EDBBB-1C25-430D-8FA0-D24E1C05964B}
	EndGlobalSection
EndGlobal
